// !$*UTF8*$!
{
	archiveVersion = 1;
	classes = {
	};
	objectVersion = 77;
	objects = {

/* Begin PBXBuildFile section */
		0393570CC20795AC5CE7E0DD /* AppDiagnostics.swift in Sources */ = {isa = PBXBuildFile; fileRef = 77577B92FBBF28A01125D20E /* AppDiagnostics.swift */; };
		076F99CD6674659DACA30F31 /* ListeningIntents.swift in Sources */ = {isa = PBXBuildFile; fileRef = 6E8C586A8AEED4D98E5CB170 /* ListeningIntents.swift */; };
		0EB3EA8D60C9ACED5BFEEA27 /* CarPlaySceneDelegate.swift in Sources */ = {isa = PBXBuildFile; fileRef = 101812EC0053C403AFF8EE3F /* CarPlaySceneDelegate.swift */; };
		0F9470B844FBC289EFC0008A /* PlaybackReliabilityTests.swift in Sources */ = {isa = PBXBuildFile; fileRef = 47025733BEB52DDE10B28916 /* PlaybackReliabilityTests.swift */; };
		27C38F2692770A708A98C01F /* DeepLinkTests.swift in Sources */ = {isa = PBXBuildFile; fileRef = 3244562F5047C0C21333EA7E /* DeepLinkTests.swift */; };
		295E6EB8958C0B568DEE4877 /* SearchView.swift in Sources */ = {isa = PBXBuildFile; fileRef = A18D134BF7B4C057175EAF91 /* SearchView.swift */; };
		2A74DAFCD856BA4DAA96DE4C /* ListeningIntents.swift in Sources */ = {isa = PBXBuildFile; fileRef = 6E8C586A8AEED4D98E5CB170 /* ListeningIntents.swift */; };
		391EADA2935A0E23884FAC17 /* LocalMetrics.swift in Sources */ = {isa = PBXBuildFile; fileRef = 3D3051AD55350348FAB19096 /* LocalMetrics.swift */; };
		477759E272269E9BA707FE41 /* ListeningStatisticsView.swift in Sources */ = {isa = PBXBuildFile; fileRef = 076C271DE196E8E04FD497EA /* ListeningStatisticsView.swift */; };
		4DCC74802AD00298C7F2D14E /* Assets.xcassets in Resources */ = {isa = PBXBuildFile; fileRef = 2338894994931ED832419338 /* Assets.xcassets */; };
		54F40182D3F99B858BB5E17F /* LibraryCache.swift in Sources */ = {isa = PBXBuildFile; fileRef = 3AD3A19E2580FDC8537A0C3C /* LibraryCache.swift */; };
		54F9076D62C7B95E5F97A2ED /* YuyinApp.swift in Sources */ = {isa = PBXBuildFile; fileRef = 4673F0DA3BFB9D37EE22F217 /* YuyinApp.swift */; };
		580779E86044D7A88E76AFA0 /* PlaybackController.swift in Sources */ = {isa = PBXBuildFile; fileRef = 8FB47D2C73A843A3E8915E63 /* PlaybackController.swift */; };
		5BD2C5AE8D9B293EDFEB942D /* LoginView.swift in Sources */ = {isa = PBXBuildFile; fileRef = 2D803F4B5B123E384729408B /* LoginView.swift */; };
		5C04B8823167FFA2B41477EE /* SettingsView.swift in Sources */ = {isa = PBXBuildFile; fileRef = BF690D767DDBC9AE3D40E746 /* SettingsView.swift */; };
		5E2D0B03423CDD71CC41FC07 /* StorageTests.swift in Sources */ = {isa = PBXBuildFile; fileRef = 5115DC5C86628DBC53723F4C /* StorageTests.swift */; };
		5EFEAEF8064B1225F4DCB0D4 /* Theme.swift in Sources */ = {isa = PBXBuildFile; fileRef = 737069220449E270A0156CF8 /* Theme.swift */; };
		613B516E94CA7D10A6737951 /* PlaybackTests.swift in Sources */ = {isa = PBXBuildFile; fileRef = CE8F265C8CB8D997BDA943ED /* PlaybackTests.swift */; };
		616041EB2EB187798E32EEE5 /* IntelligenceViews.swift in Sources */ = {isa = PBXBuildFile; fileRef = C3230BA6C518D8BD0E3C5D9E /* IntelligenceViews.swift */; };
		62514405326A064734AAE607 /* PreviewTracks.json in Resources */ = {isa = PBXBuildFile; fileRef = 95B40A481E6456391D1FE19E /* PreviewTracks.json */; };
		6CAA67373F426F9DA3AFD525 /* PreviewFixtures.swift in Sources */ = {isa = PBXBuildFile; fileRef = 9991D0D6B9A0F139B442292E /* PreviewFixtures.swift */; };
		780FEDE47E21FCA9CAA519C9 /* MutationTests.swift in Sources */ = {isa = PBXBuildFile; fileRef = 1AE40DC9764E3767229B8FC8 /* MutationTests.swift */; };
		79D33F41FBBC778C677DC136 /* ArtworkStore.swift in Sources */ = {isa = PBXBuildFile; fileRef = 715996019F0269517EB0FC36 /* ArtworkStore.swift */; };
		89B4F118DA399A12DF4345CD /* CollectionDetailView.swift in Sources */ = {isa = PBXBuildFile; fileRef = E6962A22ED1E3526ECF8530F /* CollectionDetailView.swift */; };
		8FA82199EBF95DE0DBA9BF78 /* PlayerView.swift in Sources */ = {isa = PBXBuildFile; fileRef = 8383293CB935A7FB493A509D /* PlayerView.swift */; };
		92DCE747032EAF27484C699C /* PlaylistCreation.swift in Sources */ = {isa = PBXBuildFile; fileRef = 6F2C771E5D25B87543F9E97A /* PlaylistCreation.swift */; };
		9567FC7A4E5DC0769C1D5437 /* ListenView.swift in Sources */ = {isa = PBXBuildFile; fileRef = 3668394CABC849FC035318A7 /* ListenView.swift */; };
		999162150BB6F04F6D92710B /* ArrangementEditingTests.swift in Sources */ = {isa = PBXBuildFile; fileRef = 1309B88251CB5EF71DB08D71 /* ArrangementEditingTests.swift */; };
		9EE9D5B485D8F99037BACD8E /* LibraryView.swift in Sources */ = {isa = PBXBuildFile; fileRef = F294E5478113520B84A1A87B /* LibraryView.swift */; };
		A4D9740D9F25CEFA7FF846C2 /* ArrangementRevisionView.swift in Sources */ = {isa = PBXBuildFile; fileRef = E963E43F1675C94E9BFBB35B /* ArrangementRevisionView.swift */; };
		A582CFEA1E5C7CD026FB45BA /* SmartPreheater.swift in Sources */ = {isa = PBXBuildFile; fileRef = 8BA453D5882BDFF102A2E230 /* SmartPreheater.swift */; };
		B0DD91FA395AB5C1D6853A55 /* PlaylistCreationView.swift in Sources */ = {isa = PBXBuildFile; fileRef = 70C94B04B6264D0EE987A79B /* PlaylistCreationView.swift */; };
		B52A0CE193BF7E12FDED7B7E /* MusicCore in Frameworks */ = {isa = PBXBuildFile; productRef = ED01A6E68DABB0BCE1728A9A /* MusicCore */; };
		B86CEDA7727CA65BF2FE19B5 /* YuyinWidget.swift in Sources */ = {isa = PBXBuildFile; fileRef = 4B9AB7931A62322D64192321 /* YuyinWidget.swift */; };
		BA952A5C6601B97A76914FD9 /* PrivacyInfo.xcprivacy in Resources */ = {isa = PBXBuildFile; fileRef = 278AA36A8C0CA4A75DF56AF5 /* PrivacyInfo.xcprivacy */; };
		C155DA996F4358463B2BAAFD /* PlaylistEditingViews.swift in Sources */ = {isa = PBXBuildFile; fileRef = 65F555E7A9B748E5189F0802 /* PlaylistEditingViews.swift */; };
		CAE8814444799537F74658A5 /* RootView.swift in Sources */ = {isa = PBXBuildFile; fileRef = 4A06BD6BECB9D1C3B1373F89 /* RootView.swift */; };
		CF6E0D53C9914E2516AA1379 /* Persistence.swift in Sources */ = {isa = PBXBuildFile; fileRef = 8167222DE444581ED95F2C44 /* Persistence.swift */; };
		D89236CFC0011DC83E4091CD /* AppStore.swift in Sources */ = {isa = PBXBuildFile; fileRef = E60B709CA3B42F39B4F15ABB /* AppStore.swift */; };
		DCD3F483CD9715FA314774DD /* YuyinUITests.swift in Sources */ = {isa = PBXBuildFile; fileRef = 92DF69C01DE63FD2E94DEC3F /* YuyinUITests.swift */; };
		DEDE3635AC9D95EA04F7398F /* DownloadManager.swift in Sources */ = {isa = PBXBuildFile; fileRef = DFC780CD70A1DECD352678CA /* DownloadManager.swift */; };
		E32528B2A0ACFAF059DD3FA5 /* ListeningCollectionViews.swift in Sources */ = {isa = PBXBuildFile; fileRef = F31BB8CD614387907F3BEAA9 /* ListeningCollectionViews.swift */; };
		E6483B8A71C139A72392B1E9 /* PerformanceTests.swift in Sources */ = {isa = PBXBuildFile; fileRef = BFBDB283C4159B3CA0C630F5 /* PerformanceTests.swift */; };
		E8A7D2C8BF28DD4EB4B6A0FE /* ListeningShortcuts.swift in Sources */ = {isa = PBXBuildFile; fileRef = 823FE2EFCE9EA33B2D56DFFE /* ListeningShortcuts.swift */; };
		EA12FDDADF113D297773DE20 /* WidgetSnapshot.swift in Sources */ = {isa = PBXBuildFile; fileRef = 6ACD8D18E421CE427B8422EC /* WidgetSnapshot.swift */; };
		EA4B0F7AE5FBA022B44C680F /* ListeningCollectionTests.swift in Sources */ = {isa = PBXBuildFile; fileRef = 228B664D46481CA6A7953F80 /* ListeningCollectionTests.swift */; };
		F1AE07150584B29E911D37C0 /* YuyinWidget.appex in Embed Foundation Extensions */ = {isa = PBXBuildFile; fileRef = 134FD8493E89039E33565AC8 /* YuyinWidget.appex */; settings = {ATTRIBUTES = (RemoveHeadersOnCopy, ); }; };
		F31E2092C1FE57255B7EC411 /* PrivacyInfo.xcprivacy in Resources */ = {isa = PBXBuildFile; fileRef = 278AA36A8C0CA4A75DF56AF5 /* PrivacyInfo.xcprivacy */; };
		F44F6548A1FC0E39640A596A /* WidgetSnapshot.swift in Sources */ = {isa = PBXBuildFile; fileRef = 6ACD8D18E421CE427B8422EC /* WidgetSnapshot.swift */; };
		F65F7C425E58712DCCEAC54B /* DiagnosticsView.swift in Sources */ = {isa = PBXBuildFile; fileRef = 4BEFFC9A7E30BEB11DDDDBD5 /* DiagnosticsView.swift */; };
/* End PBXBuildFile section */

/* Begin PBXContainerItemProxy section */
		5D27B7D90F94E471C5FF068C /* PBXContainerItemProxy */ = {
			isa = PBXContainerItemProxy;
			containerPortal = 11BD82A81A7CC59A056ECA3B /* Project object */;
			proxyType = 1;
			remoteGlobalIDString = A7457AF90431FE1480AEF2C4;
			remoteInfo = YuyinWidget;
		};
		9BF3B0E5AB41DB2A84C77648 /* PBXContainerItemProxy */ = {
			isa = PBXContainerItemProxy;
			containerPortal = 11BD82A81A7CC59A056ECA3B /* Project object */;
			proxyType = 1;
			remoteGlobalIDString = BCAAEB8B67FEA4DEB3F39D1B;
			remoteInfo = Yuyin;
		};
		A3F43FF1C5ECBEF2B6A62724 /* PBXContainerItemProxy */ = {
			isa = PBXContainerItemProxy;
			containerPortal = 11BD82A81A7CC59A056ECA3B /* Project object */;
			proxyType = 1;
			remoteGlobalIDString = BCAAEB8B67FEA4DEB3F39D1B;
			remoteInfo = Yuyin;
		};
/* End PBXContainerItemProxy section */

/* Begin PBXCopyFilesBuildPhase section */
		057E16120EFF497C170B3305 /* Embed Foundation Extensions */ = {
			isa = PBXCopyFilesBuildPhase;
			buildActionMask = 2147483647;
			dstPath = "";
			dstSubfolderSpec = 13;
			files = (
				F1AE07150584B29E911D37C0 /* YuyinWidget.appex in Embed Foundation Extensions */,
			);
			name = "Embed Foundation Extensions";
			runOnlyForDeploymentPostprocessing = 0;
		};
/* End PBXCopyFilesBuildPhase section */

/* Begin PBXFileReference section */
		076C271DE196E8E04FD497EA /* ListeningStatisticsView.swift */ = {isa = PBXFileReference; lastKnownFileType = sourcecode.swift; path = ListeningStatisticsView.swift; sourceTree = "<group>"; };
		0A9270108D031EA44B8677FB /* YuyinTests.xctest */ = {isa = PBXFileReference; includeInIndex = 0; lastKnownFileType = wrapper.cfbundle; path = YuyinTests.xctest; sourceTree = BUILT_PRODUCTS_DIR; };
		101812EC0053C403AFF8EE3F /* CarPlaySceneDelegate.swift */ = {isa = PBXFileReference; lastKnownFileType = sourcecode.swift; path = CarPlaySceneDelegate.swift; sourceTree = "<group>"; };
		1309B88251CB5EF71DB08D71 /* ArrangementEditingTests.swift */ = {isa = PBXFileReference; lastKnownFileType = sourcecode.swift; path = ArrangementEditingTests.swift; sourceTree = "<group>"; };
		134FD8493E89039E33565AC8 /* YuyinWidget.appex */ = {isa = PBXFileReference; includeInIndex = 0; lastKnownFileType = "wrapper.app-extension"; path = YuyinWidget.appex; sourceTree = BUILT_PRODUCTS_DIR; };
		1AE40DC9764E3767229B8FC8 /* MutationTests.swift */ = {isa = PBXFileReference; lastKnownFileType = sourcecode.swift; path = MutationTests.swift; sourceTree = "<group>"; };
		228B664D46481CA6A7953F80 /* ListeningCollectionTests.swift */ = {isa = PBXFileReference; lastKnownFileType = sourcecode.swift; path = ListeningCollectionTests.swift; sourceTree = "<group>"; };
		2338894994931ED832419338 /* Assets.xcassets */ = {isa = PBXFileReference; lastKnownFileType = folder.assetcatalog; path = Assets.xcassets; sourceTree = "<group>"; };
		278AA36A8C0CA4A75DF56AF5 /* PrivacyInfo.xcprivacy */ = {isa = PBXFileReference; path = PrivacyInfo.xcprivacy; sourceTree = "<group>"; };
		2D803F4B5B123E384729408B /* LoginView.swift */ = {isa = PBXFileReference; lastKnownFileType = sourcecode.swift; path = LoginView.swift; sourceTree = "<group>"; };
		3244562F5047C0C21333EA7E /* DeepLinkTests.swift */ = {isa = PBXFileReference; lastKnownFileType = sourcecode.swift; path = DeepLinkTests.swift; sourceTree = "<group>"; };
		3668394CABC849FC035318A7 /* ListenView.swift */ = {isa = PBXFileReference; lastKnownFileType = sourcecode.swift; path = ListenView.swift; sourceTree = "<group>"; };
		3AD3A19E2580FDC8537A0C3C /* LibraryCache.swift */ = {isa = PBXFileReference; lastKnownFileType = sourcecode.swift; path = LibraryCache.swift; sourceTree = "<group>"; };
		3D3051AD55350348FAB19096 /* LocalMetrics.swift */ = {isa = PBXFileReference; lastKnownFileType = sourcecode.swift; path = LocalMetrics.swift; sourceTree = "<group>"; };
		4673F0DA3BFB9D37EE22F217 /* YuyinApp.swift */ = {isa = PBXFileReference; lastKnownFileType = sourcecode.swift; path = YuyinApp.swift; sourceTree = "<group>"; };
		47025733BEB52DDE10B28916 /* PlaybackReliabilityTests.swift */ = {isa = PBXFileReference; lastKnownFileType = sourcecode.swift; path = PlaybackReliabilityTests.swift; sourceTree = "<group>"; };
		4A06BD6BECB9D1C3B1373F89 /* RootView.swift */ = {isa = PBXFileReference; lastKnownFileType = sourcecode.swift; path = RootView.swift; sourceTree = "<group>"; };
		4B9AB7931A62322D64192321 /* YuyinWidget.swift */ = {isa = PBXFileReference; lastKnownFileType = sourcecode.swift; path = YuyinWidget.swift; sourceTree = "<group>"; };
		4BEFFC9A7E30BEB11DDDDBD5 /* DiagnosticsView.swift */ = {isa = PBXFileReference; lastKnownFileType = sourcecode.swift; path = DiagnosticsView.swift; sourceTree = "<group>"; };
		4F7458B154C90D4967346E9F /* Yuyin.app */ = {isa = PBXFileReference; includeInIndex = 0; lastKnownFileType = wrapper.application; path = Yuyin.app; sourceTree = BUILT_PRODUCTS_DIR; };
		5115DC5C86628DBC53723F4C /* StorageTests.swift */ = {isa = PBXFileReference; lastKnownFileType = sourcecode.swift; path = StorageTests.swift; sourceTree = "<group>"; };
		65F555E7A9B748E5189F0802 /* PlaylistEditingViews.swift */ = {isa = PBXFileReference; lastKnownFileType = sourcecode.swift; path = PlaylistEditingViews.swift; sourceTree = "<group>"; };
		6ACD8D18E421CE427B8422EC /* WidgetSnapshot.swift */ = {isa = PBXFileReference; lastKnownFileType = sourcecode.swift; path = WidgetSnapshot.swift; sourceTree = "<group>"; };
		6E8C586A8AEED4D98E5CB170 /* ListeningIntents.swift */ = {isa = PBXFileReference; lastKnownFileType = sourcecode.swift; path = ListeningIntents.swift; sourceTree = "<group>"; };
		6F2C771E5D25B87543F9E97A /* PlaylistCreation.swift */ = {isa = PBXFileReference; lastKnownFileType = sourcecode.swift; path = PlaylistCreation.swift; sourceTree = "<group>"; };
		70C94B04B6264D0EE987A79B /* PlaylistCreationView.swift */ = {isa = PBXFileReference; lastKnownFileType = sourcecode.swift; path = PlaylistCreationView.swift; sourceTree = "<group>"; };
		715996019F0269517EB0FC36 /* ArtworkStore.swift */ = {isa = PBXFileReference; lastKnownFileType = sourcecode.swift; path = ArtworkStore.swift; sourceTree = "<group>"; };
		737069220449E270A0156CF8 /* Theme.swift */ = {isa = PBXFileReference; lastKnownFileType = sourcecode.swift; path = Theme.swift; sourceTree = "<group>"; };
		747101916AEAE57C6D571BA4 /* MusicCore */ = {isa = PBXFileReference; lastKnownFileType = folder; name = MusicCore; path = Packages/MusicCore; sourceTree = SOURCE_ROOT; };
		77577B92FBBF28A01125D20E /* AppDiagnostics.swift */ = {isa = PBXFileReference; lastKnownFileType = sourcecode.swift; path = AppDiagnostics.swift; sourceTree = "<group>"; };
		8167222DE444581ED95F2C44 /* Persistence.swift */ = {isa = PBXFileReference; lastKnownFileType = sourcecode.swift; path = Persistence.swift; sourceTree = "<group>"; };
		823FE2EFCE9EA33B2D56DFFE /* ListeningShortcuts.swift */ = {isa = PBXFileReference; lastKnownFileType = sourcecode.swift; path = ListeningShortcuts.swift; sourceTree = "<group>"; };
		8383293CB935A7FB493A509D /* PlayerView.swift */ = {isa = PBXFileReference; lastKnownFileType = sourcecode.swift; path = PlayerView.swift; sourceTree = "<group>"; };
		8BA453D5882BDFF102A2E230 /* SmartPreheater.swift */ = {isa = PBXFileReference; lastKnownFileType = sourcecode.swift; path = SmartPreheater.swift; sourceTree = "<group>"; };
		8FB47D2C73A843A3E8915E63 /* PlaybackController.swift */ = {isa = PBXFileReference; lastKnownFileType = sourcecode.swift; path = PlaybackController.swift; sourceTree = "<group>"; };
		92DF69C01DE63FD2E94DEC3F /* YuyinUITests.swift */ = {isa = PBXFileReference; lastKnownFileType = sourcecode.swift; path = YuyinUITests.swift; sourceTree = "<group>"; };
		95B40A481E6456391D1FE19E /* PreviewTracks.json */ = {isa = PBXFileReference; lastKnownFileType = text.json; path = PreviewTracks.json; sourceTree = "<group>"; };
		9646699742787FFAB33ABECC /* YuyinUITests.xctest */ = {isa = PBXFileReference; includeInIndex = 0; lastKnownFileType = wrapper.cfbundle; path = YuyinUITests.xctest; sourceTree = BUILT_PRODUCTS_DIR; };
		9991D0D6B9A0F139B442292E /* PreviewFixtures.swift */ = {isa = PBXFileReference; lastKnownFileType = sourcecode.swift; path = PreviewFixtures.swift; sourceTree = "<group>"; };
		A18D134BF7B4C057175EAF91 /* SearchView.swift */ = {isa = PBXFileReference; lastKnownFileType = sourcecode.swift; path = SearchView.swift; sourceTree = "<group>"; };
		BF690D767DDBC9AE3D40E746 /* SettingsView.swift */ = {isa = PBXFileReference; lastKnownFileType = sourcecode.swift; path = SettingsView.swift; sourceTree = "<group>"; };
		BFBDB283C4159B3CA0C630F5 /* PerformanceTests.swift */ = {isa = PBXFileReference; lastKnownFileType = sourcecode.swift; path = PerformanceTests.swift; sourceTree = "<group>"; };
		C3230BA6C518D8BD0E3C5D9E /* IntelligenceViews.swift */ = {isa = PBXFileReference; lastKnownFileType = sourcecode.swift; path = IntelligenceViews.swift; sourceTree = "<group>"; };
		CE8F265C8CB8D997BDA943ED /* PlaybackTests.swift */ = {isa = PBXFileReference; lastKnownFileType = sourcecode.swift; path = PlaybackTests.swift; sourceTree = "<group>"; };
		DFC780CD70A1DECD352678CA /* DownloadManager.swift */ = {isa = PBXFileReference; lastKnownFileType = sourcecode.swift; path = DownloadManager.swift; sourceTree = "<group>"; };
		E60B709CA3B42F39B4F15ABB /* AppStore.swift */ = {isa = PBXFileReference; lastKnownFileType = sourcecode.swift; path = AppStore.swift; sourceTree = "<group>"; };
		E6962A22ED1E3526ECF8530F /* CollectionDetailView.swift */ = {isa = PBXFileReference; lastKnownFileType = sourcecode.swift; path = CollectionDetailView.swift; sourceTree = "<group>"; };
		E963E43F1675C94E9BFBB35B /* ArrangementRevisionView.swift */ = {isa = PBXFileReference; lastKnownFileType = sourcecode.swift; path = ArrangementRevisionView.swift; sourceTree = "<group>"; };
		F294E5478113520B84A1A87B /* LibraryView.swift */ = {isa = PBXFileReference; lastKnownFileType = sourcecode.swift; path = LibraryView.swift; sourceTree = "<group>"; };
		F31BB8CD614387907F3BEAA9 /* ListeningCollectionViews.swift */ = {isa = PBXFileReference; lastKnownFileType = sourcecode.swift; path = ListeningCollectionViews.swift; sourceTree = "<group>"; };
/* End PBXFileReference section */

/* Begin PBXFrameworksBuildPhase section */
		39FFF14514F2EF198EBEBB96 /* Frameworks */ = {
			isa = PBXFrameworksBuildPhase;
			buildActionMask = 2147483647;
			files = (
				B52A0CE193BF7E12FDED7B7E /* MusicCore in Frameworks */,
			);
			runOnlyForDeploymentPostprocessing = 0;
		};
/* End PBXFrameworksBuildPhase section */

/* Begin PBXGroup section */
		11F6268C9B65F1959DBB358E /* Products */ = {
			isa = PBXGroup;
			children = (
				4F7458B154C90D4967346E9F /* Yuyin.app */,
				0A9270108D031EA44B8677FB /* YuyinTests.xctest */,
				9646699742787FFAB33ABECC /* YuyinUITests.xctest */,
				134FD8493E89039E33565AC8 /* YuyinWidget.appex */,
			);
			name = Products;
			sourceTree = "<group>";
		};
		33309241FA59E41B7FA4161B /* Packages */ = {
			isa = PBXGroup;
			children = (
				747101916AEAE57C6D571BA4 /* MusicCore */,
			);
			path = Packages;
			sourceTree = "<group>";
		};
		3A4407071EADC48E52E77D00 /* UITests */ = {
			isa = PBXGroup;
			children = (
				92DF69C01DE63FD2E94DEC3F /* YuyinUITests.swift */,
			);
			path = UITests;
			sourceTree = "<group>";
		};
		49DE3101CD1C55BC16E81F15 /* Tests */ = {
			isa = PBXGroup;
			children = (
				1309B88251CB5EF71DB08D71 /* ArrangementEditingTests.swift */,
				3244562F5047C0C21333EA7E /* DeepLinkTests.swift */,
				228B664D46481CA6A7953F80 /* ListeningCollectionTests.swift */,
				1AE40DC9764E3767229B8FC8 /* MutationTests.swift */,
				BFBDB283C4159B3CA0C630F5 /* PerformanceTests.swift */,
				47025733BEB52DDE10B28916 /* PlaybackReliabilityTests.swift */,
				CE8F265C8CB8D997BDA943ED /* PlaybackTests.swift */,
				5115DC5C86628DBC53723F4C /* StorageTests.swift */,
			);
			path = Tests;
			sourceTree = "<group>";
		};
		72F8B600EAA1782118832349 /* Infrastructure */ = {
			isa = PBXGroup;
			children = (
				77577B92FBBF28A01125D20E /* AppDiagnostics.swift */,
				E60B709CA3B42F39B4F15ABB /* AppStore.swift */,
				715996019F0269517EB0FC36 /* ArtworkStore.swift */,
				101812EC0053C403AFF8EE3F /* CarPlaySceneDelegate.swift */,
				DFC780CD70A1DECD352678CA /* DownloadManager.swift */,
				3AD3A19E2580FDC8537A0C3C /* LibraryCache.swift */,
				823FE2EFCE9EA33B2D56DFFE /* ListeningShortcuts.swift */,
				3D3051AD55350348FAB19096 /* LocalMetrics.swift */,
				8167222DE444581ED95F2C44 /* Persistence.swift */,
				6F2C771E5D25B87543F9E97A /* PlaylistCreation.swift */,
				9991D0D6B9A0F139B442292E /* PreviewFixtures.swift */,
				8BA453D5882BDFF102A2E230 /* SmartPreheater.swift */,
			);
			path = Infrastructure;
			sourceTree = "<group>";
		};
		8E6EE160067463AD9BBE6613 /* App */ = {
			isa = PBXGroup;
			children = (
				4673F0DA3BFB9D37EE22F217 /* YuyinApp.swift */,
				ACE896BBB8ECC8199CF9DA7B /* Design */,
				72F8B600EAA1782118832349 /* Infrastructure */,
				B3462F8368879D6626E580CA /* Playback */,
				E3352DF6929507A76DF44278 /* Resources */,
				E4A72D96421FBB2E0DA183AD /* Views */,
			);
			path = App;
			sourceTree = "<group>";
		};
		AB4CE767DC3DDFF23A540AA2 /* Widget */ = {
			isa = PBXGroup;
			children = (
				4B9AB7931A62322D64192321 /* YuyinWidget.swift */,
			);
			path = Widget;
			sourceTree = "<group>";
		};
		ACE896BBB8ECC8199CF9DA7B /* Design */ = {
			isa = PBXGroup;
			children = (
				737069220449E270A0156CF8 /* Theme.swift */,
			);
			path = Design;
			sourceTree = "<group>";
		};
		B3462F8368879D6626E580CA /* Playback */ = {
			isa = PBXGroup;
			children = (
				8FB47D2C73A843A3E8915E63 /* PlaybackController.swift */,
			);
			path = Playback;
			sourceTree = "<group>";
		};
		C1770968BA8FDC58167DD7A2 = {
			isa = PBXGroup;
			children = (
				8E6EE160067463AD9BBE6613 /* App */,
				33309241FA59E41B7FA4161B /* Packages */,
				E569FE5B59A525954F74728C /* Shared */,
				49DE3101CD1C55BC16E81F15 /* Tests */,
				3A4407071EADC48E52E77D00 /* UITests */,
				AB4CE767DC3DDFF23A540AA2 /* Widget */,
				11F6268C9B65F1959DBB358E /* Products */,
			);
			sourceTree = "<group>";
		};
		E3352DF6929507A76DF44278 /* Resources */ = {
			isa = PBXGroup;
			children = (
				2338894994931ED832419338 /* Assets.xcassets */,
				95B40A481E6456391D1FE19E /* PreviewTracks.json */,
			);
			path = Resources;
			sourceTree = "<group>";
		};
		E4A72D96421FBB2E0DA183AD /* Views */ = {
			isa = PBXGroup;
			children = (
				E963E43F1675C94E9BFBB35B /* ArrangementRevisionView.swift */,
				E6962A22ED1E3526ECF8530F /* CollectionDetailView.swift */,
				4BEFFC9A7E30BEB11DDDDBD5 /* DiagnosticsView.swift */,
				C3230BA6C518D8BD0E3C5D9E /* IntelligenceViews.swift */,
				F294E5478113520B84A1A87B /* LibraryView.swift */,
				F31BB8CD614387907F3BEAA9 /* ListeningCollectionViews.swift */,
				076C271DE196E8E04FD497EA /* ListeningStatisticsView.swift */,
				3668394CABC849FC035318A7 /* ListenView.swift */,
				2D803F4B5B123E384729408B /* LoginView.swift */,
				8383293CB935A7FB493A509D /* PlayerView.swift */,
				70C94B04B6264D0EE987A79B /* PlaylistCreationView.swift */,
				65F555E7A9B748E5189F0802 /* PlaylistEditingViews.swift */,
				4A06BD6BECB9D1C3B1373F89 /* RootView.swift */,
				A18D134BF7B4C057175EAF91 /* SearchView.swift */,
				BF690D767DDBC9AE3D40E746 /* SettingsView.swift */,
			);
			path = Views;
			sourceTree = "<group>";
		};
		E569FE5B59A525954F74728C /* Shared */ = {
			isa = PBXGroup;
			children = (
				6E8C586A8AEED4D98E5CB170 /* ListeningIntents.swift */,
				278AA36A8C0CA4A75DF56AF5 /* PrivacyInfo.xcprivacy */,
				6ACD8D18E421CE427B8422EC /* WidgetSnapshot.swift */,
			);
			path = Shared;
			sourceTree = "<group>";
		};
/* End PBXGroup section */

/* Begin PBXNativeTarget section */
		30203F60178B08ED10892114 /* YuyinTests */ = {
			isa = PBXNativeTarget;
			buildConfigurationList = 8D6F70544AAA2E4B51273A59 /* Build configuration list for PBXNativeTarget "YuyinTests" */;
			buildPhases = (
				DFB7613CF8CB56458AFBA20A /* Sources */,
			);
			buildRules = (
			);
			dependencies = (
				A9B3F6598E31D243F1B95450 /* PBXTargetDependency */,
			);
			name = YuyinTests;
			packageProductDependencies = (
			);
			productName = YuyinTests;
			productReference = 0A9270108D031EA44B8677FB /* YuyinTests.xctest */;
			productType = "com.apple.product-type.bundle.unit-test";
		};
		714B0353C30CC6EB672E8636 /* YuyinUITests */ = {
			isa = PBXNativeTarget;
			buildConfigurationList = D0CC0E7317BC02DB6A595AE4 /* Build configuration list for PBXNativeTarget "YuyinUITests" */;
			buildPhases = (
				4F614573B4E43C35BD826A0B /* Sources */,
			);
			buildRules = (
			);
			dependencies = (
				0DC908D41EC44E6648810B80 /* PBXTargetDependency */,
			);
			name = YuyinUITests;
			packageProductDependencies = (
			);
			productName = YuyinUITests;
			productReference = 9646699742787FFAB33ABECC /* YuyinUITests.xctest */;
			productType = "com.apple.product-type.bundle.ui-testing";
		};
		A7457AF90431FE1480AEF2C4 /* YuyinWidget */ = {
			isa = PBXNativeTarget;
			buildConfigurationList = C738BF54B6C7E4D8B0A3E539 /* Build configuration list for PBXNativeTarget "YuyinWidget" */;
			buildPhases = (
				5CF1CC82AF59B167777564BC /* Sources */,
				E39CE15767602766B78E3341 /* Resources */,
			);
			buildRules = (
			);
			dependencies = (
			);
			name = YuyinWidget;
			packageProductDependencies = (
			);
			productName = YuyinWidget;
			productReference = 134FD8493E89039E33565AC8 /* YuyinWidget.appex */;
			productType = "com.apple.product-type.app-extension";
		};
		BCAAEB8B67FEA4DEB3F39D1B /* Yuyin */ = {
			isa = PBXNativeTarget;
			buildConfigurationList = 285C70CD38F60525B5A97FA5 /* Build configuration list for PBXNativeTarget "Yuyin" */;
			buildPhases = (
				4B79C961197465FAACE8109C /* Sources */,
				3BA028E2C76816CB8932D9DF /* Resources */,
				39FFF14514F2EF198EBEBB96 /* Frameworks */,
				057E16120EFF497C170B3305 /* Embed Foundation Extensions */,
			);
			buildRules = (
			);
			dependencies = (
				1C9AF355A9A1FAE5C80C12FC /* PBXTargetDependency */,
			);
			name = Yuyin;
			packageProductDependencies = (
				ED01A6E68DABB0BCE1728A9A /* MusicCore */,
			);
			productName = Yuyin;
			productReference = 4F7458B154C90D4967346E9F /* Yuyin.app */;
			productType = "com.apple.product-type.application";
		};
/* End PBXNativeTarget section */

/* Begin PBXProject section */
		11BD82A81A7CC59A056ECA3B /* Project object */ = {
			isa = PBXProject;
			attributes = {
				BuildIndependentTargetsInParallel = YES;
				LastUpgradeCheck = 1430;
				TargetAttributes = {
					30203F60178B08ED10892114 = {
						ProvisioningStyle = Automatic;
					};
					714B0353C30CC6EB672E8636 = {
						ProvisioningStyle = Automatic;
						TestTargetID = BCAAEB8B67FEA4DEB3F39D1B;
					};
					A7457AF90431FE1480AEF2C4 = {
						ProvisioningStyle = Automatic;
					};
					BCAAEB8B67FEA4DEB3F39D1B = {
						ProvisioningStyle = Automatic;
					};
				};
			};
			buildConfigurationList = 31F07C166DAAF82A4E79A68A /* Build configuration list for PBXProject "Yuyin" */;
			developmentRegion = en;
			hasScannedForEncodings = 0;
			knownRegions = (
				Base,
				en,
			);
			mainGroup = C1770968BA8FDC58167DD7A2;
			minimizedProjectReferenceProxies = 1;
			packageReferences = (
				1D68BAEC0106EA523761F445 /* XCLocalSwiftPackageReference "Packages/MusicCore" */,
			);
			preferredProjectObjectVersion = 77;
			productRefGroup = 11F6268C9B65F1959DBB358E /* Products */;
			projectDirPath = "";
			projectRoot = "";
			targets = (
				BCAAEB8B67FEA4DEB3F39D1B /* Yuyin */,
				A7457AF90431FE1480AEF2C4 /* YuyinWidget */,
				30203F60178B08ED10892114 /* YuyinTests */,
				714B0353C30CC6EB672E8636 /* YuyinUITests */,
			);
		};
/* End PBXProject section */

/* Begin PBXResourcesBuildPhase section */
		3BA028E2C76816CB8932D9DF /* Resources */ = {
			isa = PBXResourcesBuildPhase;
			buildActionMask = 2147483647;
			files = (
				4DCC74802AD00298C7F2D14E /* Assets.xcassets in Resources */,
				62514405326A064734AAE607 /* PreviewTracks.json in Resources */,
				F31E2092C1FE57255B7EC411 /* PrivacyInfo.xcprivacy in Resources */,
			);
			runOnlyForDeploymentPostprocessing = 0;
		};
		E39CE15767602766B78E3341 /* Resources */ = {
			isa = PBXResourcesBuildPhase;
			buildActionMask = 2147483647;
			files = (
				BA952A5C6601B97A76914FD9 /* PrivacyInfo.xcprivacy in Resources */,
			);
			runOnlyForDeploymentPostprocessing = 0;
		};
/* End PBXResourcesBuildPhase section */

/* Begin PBXSourcesBuildPhase section */
		4B79C961197465FAACE8109C /* Sources */ = {
			isa = PBXSourcesBuildPhase;
			buildActionMask = 2147483647;
			files = (
				0393570CC20795AC5CE7E0DD /* AppDiagnostics.swift in Sources */,
				D89236CFC0011DC83E4091CD /* AppStore.swift in Sources */,
				A4D9740D9F25CEFA7FF846C2 /* ArrangementRevisionView.swift in Sources */,
				79D33F41FBBC778C677DC136 /* ArtworkStore.swift in Sources */,
				0EB3EA8D60C9ACED5BFEEA27 /* CarPlaySceneDelegate.swift in Sources */,
				89B4F118DA399A12DF4345CD /* CollectionDetailView.swift in Sources */,
				F65F7C425E58712DCCEAC54B /* DiagnosticsView.swift in Sources */,
				DEDE3635AC9D95EA04F7398F /* DownloadManager.swift in Sources */,
				616041EB2EB187798E32EEE5 /* IntelligenceViews.swift in Sources */,
				54F40182D3F99B858BB5E17F /* LibraryCache.swift in Sources */,
				9EE9D5B485D8F99037BACD8E /* LibraryView.swift in Sources */,
				9567FC7A4E5DC0769C1D5437 /* ListenView.swift in Sources */,
				E32528B2A0ACFAF059DD3FA5 /* ListeningCollectionViews.swift in Sources */,
				2A74DAFCD856BA4DAA96DE4C /* ListeningIntents.swift in Sources */,
				E8A7D2C8BF28DD4EB4B6A0FE /* ListeningShortcuts.swift in Sources */,
				477759E272269E9BA707FE41 /* ListeningStatisticsView.swift in Sources */,
				391EADA2935A0E23884FAC17 /* LocalMetrics.swift in Sources */,
				5BD2C5AE8D9B293EDFEB942D /* LoginView.swift in Sources */,
				CF6E0D53C9914E2516AA1379 /* Persistence.swift in Sources */,
				580779E86044D7A88E76AFA0 /* PlaybackController.swift in Sources */,
				8FA82199EBF95DE0DBA9BF78 /* PlayerView.swift in Sources */,
				92DCE747032EAF27484C699C /* PlaylistCreation.swift in Sources */,
				B0DD91FA395AB5C1D6853A55 /* PlaylistCreationView.swift in Sources */,
				C155DA996F4358463B2BAAFD /* PlaylistEditingViews.swift in Sources */,
				6CAA67373F426F9DA3AFD525 /* PreviewFixtures.swift in Sources */,
				CAE8814444799537F74658A5 /* RootView.swift in Sources */,
				295E6EB8958C0B568DEE4877 /* SearchView.swift in Sources */,
				5C04B8823167FFA2B41477EE /* SettingsView.swift in Sources */,
				A582CFEA1E5C7CD026FB45BA /* SmartPreheater.swift in Sources */,
				5EFEAEF8064B1225F4DCB0D4 /* Theme.swift in Sources */,
				F44F6548A1FC0E39640A596A /* WidgetSnapshot.swift in Sources */,
				54F9076D62C7B95E5F97A2ED /* YuyinApp.swift in Sources */,
			);
			runOnlyForDeploymentPostprocessing = 0;
		};
		4F614573B4E43C35BD826A0B /* Sources */ = {
			isa = PBXSourcesBuildPhase;
			buildActionMask = 2147483647;
			files = (
				DCD3F483CD9715FA314774DD /* YuyinUITests.swift in Sources */,
			);
			runOnlyForDeploymentPostprocessing = 0;
		};
		5CF1CC82AF59B167777564BC /* Sources */ = {
			isa = PBXSourcesBuildPhase;
			buildActionMask = 2147483647;
			files = (
				076F99CD6674659DACA30F31 /* ListeningIntents.swift in Sources */,
				EA12FDDADF113D297773DE20 /* WidgetSnapshot.swift in Sources */,
				B86CEDA7727CA65BF2FE19B5 /* YuyinWidget.swift in Sources */,
			);
			runOnlyForDeploymentPostprocessing = 0;
		};
		DFB7613CF8CB56458AFBA20A /* Sources */ = {
			isa = PBXSourcesBuildPhase;
			buildActionMask = 2147483647;
			files = (
				999162150BB6F04F6D92710B /* ArrangementEditingTests.swift in Sources */,
				27C38F2692770A708A98C01F /* DeepLinkTests.swift in Sources */,
				EA4B0F7AE5FBA022B44C680F /* ListeningCollectionTests.swift in Sources */,
				780FEDE47E21FCA9CAA519C9 /* MutationTests.swift in Sources */,
				E6483B8A71C139A72392B1E9 /* PerformanceTests.swift in Sources */,
				0F9470B844FBC289EFC0008A /* PlaybackReliabilityTests.swift in Sources */,
				613B516E94CA7D10A6737951 /* PlaybackTests.swift in Sources */,
				5E2D0B03423CDD71CC41FC07 /* StorageTests.swift in Sources */,
			);
			runOnlyForDeploymentPostprocessing = 0;
		};
/* End PBXSourcesBuildPhase section */

/* Begin PBXTargetDependency section */
		0DC908D41EC44E6648810B80 /* PBXTargetDependency */ = {
			isa = PBXTargetDependency;
			target = BCAAEB8B67FEA4DEB3F39D1B /* Yuyin */;
			targetProxy = A3F43FF1C5ECBEF2B6A62724 /* PBXContainerItemProxy */;
		};
		1C9AF355A9A1FAE5C80C12FC /* PBXTargetDependency */ = {
			isa = PBXTargetDependency;
			target = A7457AF90431FE1480AEF2C4 /* YuyinWidget */;
			targetProxy = 5D27B7D90F94E471C5FF068C /* PBXContainerItemProxy */;
		};
		A9B3F6598E31D243F1B95450 /* PBXTargetDependency */ = {
			isa = PBXTargetDependency;
			target = BCAAEB8B67FEA4DEB3F39D1B /* Yuyin */;
			targetProxy = 9BF3B0E5AB41DB2A84C77648 /* PBXContainerItemProxy */;
		};
/* End PBXTargetDependency section */

/* Begin XCBuildConfiguration section */
		0047F97302D08527F5BD5305 /* PersonalRelease */ = {
			isa = XCBuildConfiguration;
			buildSettings = {
				BUNDLE_LOADER = "$(TEST_HOST)";
				GENERATE_INFOPLIST_FILE = YES;
				LD_RUNPATH_SEARCH_PATHS = (
					"$(inherited)",
					"@executable_path/Frameworks",
					"@loader_path/Frameworks",
				);
				PRODUCT_BUNDLE_IDENTIFIER = space.thunguo.yuyin.uitests;
				SDKROOT = iphoneos;
				TARGETED_DEVICE_FAMILY = "1,2";
				TEST_TARGET_NAME = Yuyin;
			};
			name = PersonalRelease;
		};
		3305AEFDB4C97E6F928D57E4 /* PersonalDevice */ = {
			isa = XCBuildConfiguration;
			buildSettings = {
				BUNDLE_LOADER = "$(TEST_HOST)";
				GENERATE_INFOPLIST_FILE = YES;
				LD_RUNPATH_SEARCH_PATHS = (
					"$(inherited)",
					"@executable_path/Frameworks",
					"@loader_path/Frameworks",
				);
				PRODUCT_BUNDLE_IDENTIFIER = space.thunguo.yuyin.tests;
				SDKROOT = iphoneos;
				TARGETED_DEVICE_FAMILY = "1,2";
				TEST_HOST = "$(BUILT_PRODUCTS_DIR)/Yuyin.app/Yuyin";
			};
			name = PersonalDevice;
		};
		3336352A6AF56F1129341DF9 /* CarPlay */ = {
			isa = XCBuildConfiguration;
			buildSettings = {
				BUNDLE_LOADER = "$(TEST_HOST)";
				GENERATE_INFOPLIST_FILE = YES;
				LD_RUNPATH_SEARCH_PATHS = (
					"$(inherited)",
					"@executable_path/Frameworks",
					"@loader_path/Frameworks",
				);
				PRODUCT_BUNDLE_IDENTIFIER = space.thunguo.yuyin.uitests;
				SDKROOT = iphoneos;
				TARGETED_DEVICE_FAMILY = "1,2";
				TEST_TARGET_NAME = Yuyin;
			};
			name = CarPlay;
		};
		33C77C8B3E6E55E7AE6C4FF1 /* Release */ = {
			isa = XCBuildConfiguration;
			buildSettings = {
				BUNDLE_LOADER = "$(TEST_HOST)";
				GENERATE_INFOPLIST_FILE = YES;
				LD_RUNPATH_SEARCH_PATHS = (
					"$(inherited)",
					"@executable_path/Frameworks",
					"@loader_path/Frameworks",
				);
				PRODUCT_BUNDLE_IDENTIFIER = space.thunguo.yuyin.tests;
				SDKROOT = iphoneos;
				TARGETED_DEVICE_FAMILY = "1,2";
				TEST_HOST = "$(BUILT_PRODUCTS_DIR)/Yuyin.app/Yuyin";
			};
			name = Release;
		};
		45753C91776B86F755C6BDFF /* PersonalRelease */ = {
			isa = XCBuildConfiguration;
			buildSettings = {
				APPLICATION_EXTENSION_API_ONLY = YES;
				CODE_SIGN_ENTITLEMENTS = Config/PersonalDevice.entitlements;
				INFOPLIST_FILE = "Config/Widget-Info.plist";
				LD_RUNPATH_SEARCH_PATHS = (
					"$(inherited)",
					"@executable_path/Frameworks",
					"@executable_path/../../Frameworks",
				);
				PRODUCT_BUNDLE_IDENTIFIER = space.thunguo.yuyin.widget;
				SDKROOT = iphoneos;
				SKIP_INSTALL = YES;
				SWIFT_ACTIVE_COMPILATION_CONDITIONS = "$(inherited) PERSONAL_DEVICE";
				TARGETED_DEVICE_FAMILY = "1,2";
			};
			name = PersonalRelease;
		};
		459EDA6DBD7F30FC3B484E31 /* CarPlay */ = {
			isa = XCBuildConfiguration;
			buildSettings = {
				BUNDLE_LOADER = "$(TEST_HOST)";
				GENERATE_INFOPLIST_FILE = YES;
				LD_RUNPATH_SEARCH_PATHS = (
					"$(inherited)",
					"@executable_path/Frameworks",
					"@loader_path/Frameworks",
				);
				PRODUCT_BUNDLE_IDENTIFIER = space.thunguo.yuyin.tests;
				SDKROOT = iphoneos;
				TARGETED_DEVICE_FAMILY = "1,2";
				TEST_HOST = "$(BUILT_PRODUCTS_DIR)/Yuyin.app/Yuyin";
			};
			name = CarPlay;
		};
		5084CEBE77C348E8E15B7DFF /* CarPlay */ = {
			isa = XCBuildConfiguration;
			buildSettings = {
				ASSETCATALOG_COMPILER_APPICON_NAME = AppIcon;
				CODE_SIGN_ENTITLEMENTS = Config/CarPlay.entitlements;
				CODE_SIGN_IDENTITY = "iPhone Developer";
				INFOPLIST_FILE = "Config/App-Info.plist";
				LD_RUNPATH_SEARCH_PATHS = (
					"$(inherited)",
					"@executable_path/Frameworks",
				);
				PRODUCT_BUNDLE_IDENTIFIER = space.thunguo.yuyin;
				SDKROOT = iphoneos;
				TARGETED_DEVICE_FAMILY = "1,2";
			};
			name = CarPlay;
		};
		5256EA9FD20B0991C4CB1FE1 /* CarPlay */ = {
			isa = XCBuildConfiguration;
			buildSettings = {
				APPLICATION_EXTENSION_API_ONLY = YES;
				CODE_SIGN_ENTITLEMENTS = Config/App.entitlements;
				INFOPLIST_FILE = "Config/Widget-Info.plist";
				LD_RUNPATH_SEARCH_PATHS = (
					"$(inherited)",
					"@executable_path/Frameworks",
					"@executable_path/../../Frameworks",
				);
				PRODUCT_BUNDLE_IDENTIFIER = space.thunguo.yuyin.widget;
				SDKROOT = iphoneos;
				SKIP_INSTALL = YES;
				TARGETED_DEVICE_FAMILY = "1,2";
			};
			name = CarPlay;
		};
		6AB3B8E3BFF6711E43BDEF77 /* PersonalRelease */ = {
			isa = XCBuildConfiguration;
			buildSettings = {
				ALWAYS_SEARCH_USER_PATHS = NO;
				CLANG_ANALYZER_NONNULL = YES;
				CLANG_ANALYZER_NUMBER_OBJECT_CONVERSION = YES_AGGRESSIVE;
				CLANG_CXX_LANGUAGE_STANDARD = "gnu++14";
				CLANG_CXX_LIBRARY = "libc++";
				CLANG_ENABLE_MODULES = YES;
				CLANG_ENABLE_OBJC_ARC = YES;
				CLANG_ENABLE_OBJC_WEAK = YES;
				CLANG_WARN_BLOCK_CAPTURE_AUTORELEASING = YES;
				CLANG_WARN_BOOL_CONVERSION = YES;
				CLANG_WARN_COMMA = YES;
				CLANG_WARN_CONSTANT_CONVERSION = YES;
				CLANG_WARN_DEPRECATED_OBJC_IMPLEMENTATIONS = YES;
				CLANG_WARN_DIRECT_OBJC_ISA_USAGE = YES_ERROR;
				CLANG_WARN_DOCUMENTATION_COMMENTS = YES;
				CLANG_WARN_EMPTY_BODY = YES;
				CLANG_WARN_ENUM_CONVERSION = YES;
				CLANG_WARN_INFINITE_RECURSION = YES;
				CLANG_WARN_INT_CONVERSION = YES;
				CLANG_WARN_NON_LITERAL_NULL_CONVERSION = YES;
				CLANG_WARN_OBJC_IMPLICIT_RETAIN_SELF = YES;
				CLANG_WARN_OBJC_LITERAL_CONVERSION = YES;
				CLANG_WARN_OBJC_ROOT_CLASS = YES_ERROR;
				CLANG_WARN_QUOTED_INCLUDE_IN_FRAMEWORK_HEADER = YES;
				CLANG_WARN_RANGE_LOOP_ANALYSIS = YES;
				CLANG_WARN_STRICT_PROTOTYPES = YES;
				CLANG_WARN_SUSPICIOUS_MOVE = YES;
				CLANG_WARN_UNGUARDED_AVAILABILITY = YES_AGGRESSIVE;
				CLANG_WARN_UNREACHABLE_CODE = YES;
				CLANG_WARN__DUPLICATE_METHOD_MATCH = YES;
				CODE_SIGN_STYLE = Automatic;
				COPY_PHASE_STRIP = NO;
				CURRENT_PROJECT_VERSION = 8;
				DEBUG_INFORMATION_FORMAT = "dwarf-with-dsym";
				ENABLE_NS_ASSERTIONS = NO;
				ENABLE_STRICT_OBJC_MSGSEND = YES;
				GCC_C_LANGUAGE_STANDARD = gnu11;
				GCC_NO_COMMON_BLOCKS = YES;
				GCC_WARN_64_TO_32_BIT_CONVERSION = YES;
				GCC_WARN_ABOUT_RETURN_TYPE = YES_ERROR;
				GCC_WARN_UNDECLARED_SELECTOR = YES;
				GCC_WARN_UNINITIALIZED_AUTOS = YES_AGGRESSIVE;
				GCC_WARN_UNUSED_FUNCTION = YES;
				GCC_WARN_UNUSED_VARIABLE = YES;
				IPHONEOS_DEPLOYMENT_TARGET = 18.0;
				MARKETING_VERSION = 0.3.6;
				MTL_ENABLE_DEBUG_INFO = NO;
				MTL_FAST_MATH = YES;
				PRODUCT_NAME = "$(TARGET_NAME)";
				SDKROOT = iphoneos;
				SWIFT_COMPILATION_MODE = wholemodule;
				SWIFT_OPTIMIZATION_LEVEL = "-O";
				SWIFT_VERSION = 5.0;
				TARGETED_DEVICE_FAMILY = 1;
			};
			name = PersonalRelease;
		};
		8BB7764072C646286BAFAE8A /* Debug */ = {
			isa = XCBuildConfiguration;
			buildSettings = {
				BUNDLE_LOADER = "$(TEST_HOST)";
				GENERATE_INFOPLIST_FILE = YES;
				LD_RUNPATH_SEARCH_PATHS = (
					"$(inherited)",
					"@executable_path/Frameworks",
					"@loader_path/Frameworks",
				);
				PRODUCT_BUNDLE_IDENTIFIER = space.thunguo.yuyin.tests;
				SDKROOT = iphoneos;
				TARGETED_DEVICE_FAMILY = "1,2";
				TEST_HOST = "$(BUILT_PRODUCTS_DIR)/Yuyin.app/Yuyin";
			};
			name = Debug;
		};
		9C26B7A0FF7E71546D8FEA85 /* PersonalDevice */ = {
			isa = XCBuildConfiguration;
			buildSettings = {
				ALWAYS_SEARCH_USER_PATHS = NO;
				CLANG_ANALYZER_NONNULL = YES;
				CLANG_ANALYZER_NUMBER_OBJECT_CONVERSION = YES_AGGRESSIVE;
				CLANG_CXX_LANGUAGE_STANDARD = "gnu++14";
				CLANG_CXX_LIBRARY = "libc++";
				CLANG_ENABLE_MODULES = YES;
				CLANG_ENABLE_OBJC_ARC = YES;
				CLANG_ENABLE_OBJC_WEAK = YES;
				CLANG_WARN_BLOCK_CAPTURE_AUTORELEASING = YES;
				CLANG_WARN_BOOL_CONVERSION = YES;
				CLANG_WARN_COMMA = YES;
				CLANG_WARN_CONSTANT_CONVERSION = YES;
				CLANG_WARN_DEPRECATED_OBJC_IMPLEMENTATIONS = YES;
				CLANG_WARN_DIRECT_OBJC_ISA_USAGE = YES_ERROR;
				CLANG_WARN_DOCUMENTATION_COMMENTS = YES;
				CLANG_WARN_EMPTY_BODY = YES;
				CLANG_WARN_ENUM_CONVERSION = YES;
				CLANG_WARN_INFINITE_RECURSION = YES;
				CLANG_WARN_INT_CONVERSION = YES;
				CLANG_WARN_NON_LITERAL_NULL_CONVERSION = YES;
				CLANG_WARN_OBJC_IMPLICIT_RETAIN_SELF = YES;
				CLANG_WARN_OBJC_LITERAL_CONVERSION = YES;
				CLANG_WARN_OBJC_ROOT_CLASS = YES_ERROR;
				CLANG_WARN_QUOTED_INCLUDE_IN_FRAMEWORK_HEADER = YES;
				CLANG_WARN_RANGE_LOOP_ANALYSIS = YES;
				CLANG_WARN_STRICT_PROTOTYPES = YES;
				CLANG_WARN_SUSPICIOUS_MOVE = YES;
				CLANG_WARN_UNGUARDED_AVAILABILITY = YES_AGGRESSIVE;
				CLANG_WARN_UNREACHABLE_CODE = YES;
				CLANG_WARN__DUPLICATE_METHOD_MATCH = YES;
				CODE_SIGN_STYLE = Automatic;
				COPY_PHASE_STRIP = NO;
				CURRENT_PROJECT_VERSION = 8;
				DEBUG_INFORMATION_FORMAT = dwarf;
				ENABLE_STRICT_OBJC_MSGSEND = YES;
				ENABLE_TESTABILITY = YES;
				GCC_C_LANGUAGE_STANDARD = gnu11;
				GCC_DYNAMIC_NO_PIC = NO;
				GCC_NO_COMMON_BLOCKS = YES;
				GCC_OPTIMIZATION_LEVEL = 0;
				GCC_PREPROCESSOR_DEFINITIONS = (
					"$(inherited)",
					"DEBUG=1",
				);
				GCC_WARN_64_TO_32_BIT_CONVERSION = YES;
				GCC_WARN_ABOUT_RETURN_TYPE = YES_ERROR;
				GCC_WARN_UNDECLARED_SELECTOR = YES;
				GCC_WARN_UNINITIALIZED_AUTOS = YES_AGGRESSIVE;
				GCC_WARN_UNUSED_FUNCTION = YES;
				GCC_WARN_UNUSED_VARIABLE = YES;
				IPHONEOS_DEPLOYMENT_TARGET = 18.0;
				MARKETING_VERSION = 0.3.6;
				MTL_ENABLE_DEBUG_INFO = INCLUDE_SOURCE;
				MTL_FAST_MATH = YES;
				ONLY_ACTIVE_ARCH = YES;
				PRODUCT_NAME = "$(TARGET_NAME)";
				SDKROOT = iphoneos;
				SWIFT_ACTIVE_COMPILATION_CONDITIONS = DEBUG;
				SWIFT_OPTIMIZATION_LEVEL = "-Onone";
				SWIFT_VERSION = 5.0;
				TARGETED_DEVICE_FAMILY = 1;
			};
			name = PersonalDevice;
		};
		A6B61DEFB288DC5B86C84917 /* PersonalDevice */ = {
			isa = XCBuildConfiguration;
			buildSettings = {
				BUNDLE_LOADER = "$(TEST_HOST)";
				GENERATE_INFOPLIST_FILE = YES;
				LD_RUNPATH_SEARCH_PATHS = (
					"$(inherited)",
					"@executable_path/Frameworks",
					"@loader_path/Frameworks",
				);
				PRODUCT_BUNDLE_IDENTIFIER = space.thunguo.yuyin.uitests;
				SDKROOT = iphoneos;
				TARGETED_DEVICE_FAMILY = "1,2";
				TEST_TARGET_NAME = Yuyin;
			};
			name = PersonalDevice;
		};
		B26BAE7B8CFC84E6156B8DAB /* Debug */ = {
			isa = XCBuildConfiguration;
			buildSettings = {
				ALWAYS_SEARCH_USER_PATHS = NO;
				CLANG_ANALYZER_NONNULL = YES;
				CLANG_ANALYZER_NUMBER_OBJECT_CONVERSION = YES_AGGRESSIVE;
				CLANG_CXX_LANGUAGE_STANDARD = "gnu++14";
				CLANG_CXX_LIBRARY = "libc++";
				CLANG_ENABLE_MODULES = YES;
				CLANG_ENABLE_OBJC_ARC = YES;
				CLANG_ENABLE_OBJC_WEAK = YES;
				CLANG_WARN_BLOCK_CAPTURE_AUTORELEASING = YES;
				CLANG_WARN_BOOL_CONVERSION = YES;
				CLANG_WARN_COMMA = YES;
				CLANG_WARN_CONSTANT_CONVERSION = YES;
				CLANG_WARN_DEPRECATED_OBJC_IMPLEMENTATIONS = YES;
				CLANG_WARN_DIRECT_OBJC_ISA_USAGE = YES_ERROR;
				CLANG_WARN_DOCUMENTATION_COMMENTS = YES;
				CLANG_WARN_EMPTY_BODY = YES;
				CLANG_WARN_ENUM_CONVERSION = YES;
				CLANG_WARN_INFINITE_RECURSION = YES;
				CLANG_WARN_INT_CONVERSION = YES;
				CLANG_WARN_NON_LITERAL_NULL_CONVERSION = YES;
				CLANG_WARN_OBJC_IMPLICIT_RETAIN_SELF = YES;
				CLANG_WARN_OBJC_LITERAL_CONVERSION = YES;
				CLANG_WARN_OBJC_ROOT_CLASS = YES_ERROR;
				CLANG_WARN_QUOTED_INCLUDE_IN_FRAMEWORK_HEADER = YES;
				CLANG_WARN_RANGE_LOOP_ANALYSIS = YES;
				CLANG_WARN_STRICT_PROTOTYPES = YES;
				CLANG_WARN_SUSPICIOUS_MOVE = YES;
				CLANG_WARN_UNGUARDED_AVAILABILITY = YES_AGGRESSIVE;
				CLANG_WARN_UNREACHABLE_CODE = YES;
				CLANG_WARN__DUPLICATE_METHOD_MATCH = YES;
				CODE_SIGN_STYLE = Automatic;
				COPY_PHASE_STRIP = NO;
				CURRENT_PROJECT_VERSION = 8;
				DEBUG_INFORMATION_FORMAT = dwarf;
				ENABLE_STRICT_OBJC_MSGSEND = YES;
				ENABLE_TESTABILITY = YES;
				GCC_C_LANGUAGE_STANDARD = gnu11;
				GCC_DYNAMIC_NO_PIC = NO;
				GCC_NO_COMMON_BLOCKS = YES;
				GCC_OPTIMIZATION_LEVEL = 0;
				GCC_PREPROCESSOR_DEFINITIONS = (
					"$(inherited)",
					"DEBUG=1",
				);
				GCC_WARN_64_TO_32_BIT_CONVERSION = YES;
				GCC_WARN_ABOUT_RETURN_TYPE = YES_ERROR;
				GCC_WARN_UNDECLARED_SELECTOR = YES;
				GCC_WARN_UNINITIALIZED_AUTOS = YES_AGGRESSIVE;
				GCC_WARN_UNUSED_FUNCTION = YES;
				GCC_WARN_UNUSED_VARIABLE = YES;
				IPHONEOS_DEPLOYMENT_TARGET = 18.0;
				MARKETING_VERSION = 0.3.6;
				MTL_ENABLE_DEBUG_INFO = INCLUDE_SOURCE;
				MTL_FAST_MATH = YES;
				ONLY_ACTIVE_ARCH = YES;
				PRODUCT_NAME = "$(TARGET_NAME)";
				SDKROOT = iphoneos;
				SWIFT_ACTIVE_COMPILATION_CONDITIONS = DEBUG;
				SWIFT_OPTIMIZATION_LEVEL = "-Onone";
				SWIFT_VERSION = 5.0;
				TARGETED_DEVICE_FAMILY = 1;
			};
			name = Debug;
		};
		B6A6E93675BA83D885EA8A51 /* PersonalRelease */ = {
			isa = XCBuildConfiguration;
			buildSettings = {
				BUNDLE_LOADER = "$(TEST_HOST)";
				GENERATE_INFOPLIST_FILE = YES;
				LD_RUNPATH_SEARCH_PATHS = (
					"$(inherited)",
					"@executable_path/Frameworks",
					"@loader_path/Frameworks",
				);
				PRODUCT_BUNDLE_IDENTIFIER = space.thunguo.yuyin.tests;
				SDKROOT = iphoneos;
				TARGETED_DEVICE_FAMILY = "1,2";
				TEST_HOST = "$(BUILT_PRODUCTS_DIR)/Yuyin.app/Yuyin";
			};
			name = PersonalRelease;
		};
		B7BA8857DDD6581B2AA54EE2 /* Release */ = {
			isa = XCBuildConfiguration;
			buildSettings = {
				BUNDLE_LOADER = "$(TEST_HOST)";
				GENERATE_INFOPLIST_FILE = YES;
				LD_RUNPATH_SEARCH_PATHS = (
					"$(inherited)",
					"@executable_path/Frameworks",
					"@loader_path/Frameworks",
				);
				PRODUCT_BUNDLE_IDENTIFIER = space.thunguo.yuyin.uitests;
				SDKROOT = iphoneos;
				TARGETED_DEVICE_FAMILY = "1,2";
				TEST_TARGET_NAME = Yuyin;
			};
			name = Release;
		};
		BFD999E5749AFDC15E0DBD1F /* Debug */ = {
			isa = XCBuildConfiguration;
			buildSettings = {
				ASSETCATALOG_COMPILER_APPICON_NAME = AppIcon;
				CODE_SIGN_ENTITLEMENTS = Config/App.entitlements;
				CODE_SIGN_IDENTITY = "iPhone Developer";
				INFOPLIST_FILE = "Config/App-Info.plist";
				LD_RUNPATH_SEARCH_PATHS = (
					"$(inherited)",
					"@executable_path/Frameworks",
				);
				PRODUCT_BUNDLE_IDENTIFIER = space.thunguo.yuyin;
				SDKROOT = iphoneos;
				TARGETED_DEVICE_FAMILY = "1,2";
			};
			name = Debug;
		};
		C4D34C6D103FE17F4E06C350 /* PersonalDevice */ = {
			isa = XCBuildConfiguration;
			buildSettings = {
				APPLICATION_EXTENSION_API_ONLY = YES;
				CODE_SIGN_ENTITLEMENTS = Config/PersonalDevice.entitlements;
				INFOPLIST_FILE = "Config/Widget-Info.plist";
				LD_RUNPATH_SEARCH_PATHS = (
					"$(inherited)",
					"@executable_path/Frameworks",
					"@executable_path/../../Frameworks",
				);
				PRODUCT_BUNDLE_IDENTIFIER = space.thunguo.yuyin.widget;
				SDKROOT = iphoneos;
				SKIP_INSTALL = YES;
				SWIFT_ACTIVE_COMPILATION_CONDITIONS = "$(inherited) DEBUG PERSONAL_DEVICE";
				TARGETED_DEVICE_FAMILY = "1,2";
			};
			name = PersonalDevice;
		};
		C590B612D1A3F6B8194796CA /* Release */ = {
			isa = XCBuildConfiguration;
			buildSettings = {
				APPLICATION_EXTENSION_API_ONLY = YES;
				CODE_SIGN_ENTITLEMENTS = Config/App.entitlements;
				INFOPLIST_FILE = "Config/Widget-Info.plist";
				LD_RUNPATH_SEARCH_PATHS = (
					"$(inherited)",
					"@executable_path/Frameworks",
					"@executable_path/../../Frameworks",
				);
				PRODUCT_BUNDLE_IDENTIFIER = space.thunguo.yuyin.widget;
				SDKROOT = iphoneos;
				SKIP_INSTALL = YES;
				TARGETED_DEVICE_FAMILY = "1,2";
			};
			name = Release;
		};
		C6C849E71659CDBFBE522D49 /* CarPlay */ = {
			isa = XCBuildConfiguration;
			buildSettings = {
				ALWAYS_SEARCH_USER_PATHS = NO;
				CLANG_ANALYZER_NONNULL = YES;
				CLANG_ANALYZER_NUMBER_OBJECT_CONVERSION = YES_AGGRESSIVE;
				CLANG_CXX_LANGUAGE_STANDARD = "gnu++14";
				CLANG_CXX_LIBRARY = "libc++";
				CLANG_ENABLE_MODULES = YES;
				CLANG_ENABLE_OBJC_ARC = YES;
				CLANG_ENABLE_OBJC_WEAK = YES;
				CLANG_WARN_BLOCK_CAPTURE_AUTORELEASING = YES;
				CLANG_WARN_BOOL_CONVERSION = YES;
				CLANG_WARN_COMMA = YES;
				CLANG_WARN_CONSTANT_CONVERSION = YES;
				CLANG_WARN_DEPRECATED_OBJC_IMPLEMENTATIONS = YES;
				CLANG_WARN_DIRECT_OBJC_ISA_USAGE = YES_ERROR;
				CLANG_WARN_DOCUMENTATION_COMMENTS = YES;
				CLANG_WARN_EMPTY_BODY = YES;
				CLANG_WARN_ENUM_CONVERSION = YES;
				CLANG_WARN_INFINITE_RECURSION = YES;
				CLANG_WARN_INT_CONVERSION = YES;
				CLANG_WARN_NON_LITERAL_NULL_CONVERSION = YES;
				CLANG_WARN_OBJC_IMPLICIT_RETAIN_SELF = YES;
				CLANG_WARN_OBJC_LITERAL_CONVERSION = YES;
				CLANG_WARN_OBJC_ROOT_CLASS = YES_ERROR;
				CLANG_WARN_QUOTED_INCLUDE_IN_FRAMEWORK_HEADER = YES;
				CLANG_WARN_RANGE_LOOP_ANALYSIS = YES;
				CLANG_WARN_STRICT_PROTOTYPES = YES;
				CLANG_WARN_SUSPICIOUS_MOVE = YES;
				CLANG_WARN_UNGUARDED_AVAILABILITY = YES_AGGRESSIVE;
				CLANG_WARN_UNREACHABLE_CODE = YES;
				CLANG_WARN__DUPLICATE_METHOD_MATCH = YES;
				CODE_SIGN_STYLE = Automatic;
				COPY_PHASE_STRIP = NO;
				CURRENT_PROJECT_VERSION = 8;
				DEBUG_INFORMATION_FORMAT = "dwarf-with-dsym";
				ENABLE_NS_ASSERTIONS = NO;
				ENABLE_STRICT_OBJC_MSGSEND = YES;
				GCC_C_LANGUAGE_STANDARD = gnu11;
				GCC_NO_COMMON_BLOCKS = YES;
				GCC_WARN_64_TO_32_BIT_CONVERSION = YES;
				GCC_WARN_ABOUT_RETURN_TYPE = YES_ERROR;
				GCC_WARN_UNDECLARED_SELECTOR = YES;
				GCC_WARN_UNINITIALIZED_AUTOS = YES_AGGRESSIVE;
				GCC_WARN_UNUSED_FUNCTION = YES;
				GCC_WARN_UNUSED_VARIABLE = YES;
				IPHONEOS_DEPLOYMENT_TARGET = 18.0;
				MARKETING_VERSION = 0.3.6;
				MTL_ENABLE_DEBUG_INFO = NO;
				MTL_FAST_MATH = YES;
				PRODUCT_NAME = "$(TARGET_NAME)";
				SDKROOT = iphoneos;
				SWIFT_COMPILATION_MODE = wholemodule;
				SWIFT_OPTIMIZATION_LEVEL = "-O";
				SWIFT_VERSION = 5.0;
				TARGETED_DEVICE_FAMILY = 1;
			};
			name = CarPlay;
		};
		DD718FFC74BAB6FEC8EC8DD5 /* Debug */ = {
			isa = XCBuildConfiguration;
			buildSettings = {
				BUNDLE_LOADER = "$(TEST_HOST)";
				GENERATE_INFOPLIST_FILE = YES;
				LD_RUNPATH_SEARCH_PATHS = (
					"$(inherited)",
					"@executable_path/Frameworks",
					"@loader_path/Frameworks",
				);
				PRODUCT_BUNDLE_IDENTIFIER = space.thunguo.yuyin.uitests;
				SDKROOT = iphoneos;
				TARGETED_DEVICE_FAMILY = "1,2";
				TEST_TARGET_NAME = Yuyin;
			};
			name = Debug;
		};
		E2328675B8A0C8B1E9247BD2 /* Release */ = {
			isa = XCBuildConfiguration;
			buildSettings = {
				ALWAYS_SEARCH_USER_PATHS = NO;
				CLANG_ANALYZER_NONNULL = YES;
				CLANG_ANALYZER_NUMBER_OBJECT_CONVERSION = YES_AGGRESSIVE;
				CLANG_CXX_LANGUAGE_STANDARD = "gnu++14";
				CLANG_CXX_LIBRARY = "libc++";
				CLANG_ENABLE_MODULES = YES;
				CLANG_ENABLE_OBJC_ARC = YES;
				CLANG_ENABLE_OBJC_WEAK = YES;
				CLANG_WARN_BLOCK_CAPTURE_AUTORELEASING = YES;
				CLANG_WARN_BOOL_CONVERSION = YES;
				CLANG_WARN_COMMA = YES;
				CLANG_WARN_CONSTANT_CONVERSION = YES;
				CLANG_WARN_DEPRECATED_OBJC_IMPLEMENTATIONS = YES;
				CLANG_WARN_DIRECT_OBJC_ISA_USAGE = YES_ERROR;
				CLANG_WARN_DOCUMENTATION_COMMENTS = YES;
				CLANG_WARN_EMPTY_BODY = YES;
				CLANG_WARN_ENUM_CONVERSION = YES;
				CLANG_WARN_INFINITE_RECURSION = YES;
				CLANG_WARN_INT_CONVERSION = YES;
				CLANG_WARN_NON_LITERAL_NULL_CONVERSION = YES;
				CLANG_WARN_OBJC_IMPLICIT_RETAIN_SELF = YES;
				CLANG_WARN_OBJC_LITERAL_CONVERSION = YES;
				CLANG_WARN_OBJC_ROOT_CLASS = YES_ERROR;
				CLANG_WARN_QUOTED_INCLUDE_IN_FRAMEWORK_HEADER = YES;
				CLANG_WARN_RANGE_LOOP_ANALYSIS = YES;
				CLANG_WARN_STRICT_PROTOTYPES = YES;
				CLANG_WARN_SUSPICIOUS_MOVE = YES;
				CLANG_WARN_UNGUARDED_AVAILABILITY = YES_AGGRESSIVE;
				CLANG_WARN_UNREACHABLE_CODE = YES;
				CLANG_WARN__DUPLICATE_METHOD_MATCH = YES;
				CODE_SIGN_STYLE = Automatic;
				COPY_PHASE_STRIP = NO;
				CURRENT_PROJECT_VERSION = 8;
				DEBUG_INFORMATION_FORMAT = "dwarf-with-dsym";
				ENABLE_NS_ASSERTIONS = NO;
				ENABLE_STRICT_OBJC_MSGSEND = YES;
				GCC_C_LANGUAGE_STANDARD = gnu11;
				GCC_NO_COMMON_BLOCKS = YES;
				GCC_WARN_64_TO_32_BIT_CONVERSION = YES;
				GCC_WARN_ABOUT_RETURN_TYPE = YES_ERROR;
				GCC_WARN_UNDECLARED_SELECTOR = YES;
				GCC_WARN_UNINITIALIZED_AUTOS = YES_AGGRESSIVE;
				GCC_WARN_UNUSED_FUNCTION = YES;
				GCC_WARN_UNUSED_VARIABLE = YES;
				IPHONEOS_DEPLOYMENT_TARGET = 18.0;
				MARKETING_VERSION = 0.3.6;
				MTL_ENABLE_DEBUG_INFO = NO;
				MTL_FAST_MATH = YES;
				PRODUCT_NAME = "$(TARGET_NAME)";
				SDKROOT = iphoneos;
				SWIFT_COMPILATION_MODE = wholemodule;
				SWIFT_OPTIMIZATION_LEVEL = "-O";
				SWIFT_VERSION = 5.0;
				TARGETED_DEVICE_FAMILY = 1;
			};
			name = Release;
		};
		E37760B053EA100C0081C633 /* PersonalDevice */ = {
			isa = XCBuildConfiguration;
			buildSettings = {
				ASSETCATALOG_COMPILER_APPICON_NAME = AppIcon;
				CODE_SIGN_ENTITLEMENTS = Config/PersonalDevice.entitlements;
				CODE_SIGN_IDENTITY = "iPhone Developer";
				INFOPLIST_FILE = "Config/App-Info.plist";
				LD_RUNPATH_SEARCH_PATHS = (
					"$(inherited)",
					"@executable_path/Frameworks",
				);
				PRODUCT_BUNDLE_IDENTIFIER = space.thunguo.yuyin;
				SDKROOT = iphoneos;
				SWIFT_ACTIVE_COMPILATION_CONDITIONS = "$(inherited) DEBUG PERSONAL_DEVICE";
				TARGETED_DEVICE_FAMILY = "1,2";
			};
			name = PersonalDevice;
		};
		E4FB68A4D87557AC033FDD11 /* Debug */ = {
			isa = XCBuildConfiguration;
			buildSettings = {
				APPLICATION_EXTENSION_API_ONLY = YES;
				CODE_SIGN_ENTITLEMENTS = Config/App.entitlements;
				INFOPLIST_FILE = "Config/Widget-Info.plist";
				LD_RUNPATH_SEARCH_PATHS = (
					"$(inherited)",
					"@executable_path/Frameworks",
					"@executable_path/../../Frameworks",
				);
				PRODUCT_BUNDLE_IDENTIFIER = space.thunguo.yuyin.widget;
				SDKROOT = iphoneos;
				SKIP_INSTALL = YES;
				TARGETED_DEVICE_FAMILY = "1,2";
			};
			name = Debug;
		};
		EBF38E6B55DB72D57D86D9AA /* Release */ = {
			isa = XCBuildConfiguration;
			buildSettings = {
				ASSETCATALOG_COMPILER_APPICON_NAME = AppIcon;
				CODE_SIGN_ENTITLEMENTS = Config/App.entitlements;
				CODE_SIGN_IDENTITY = "iPhone Developer";
				INFOPLIST_FILE = "Config/App-Info.plist";
				LD_RUNPATH_SEARCH_PATHS = (
					"$(inherited)",
					"@executable_path/Frameworks",
				);
				PRODUCT_BUNDLE_IDENTIFIER = space.thunguo.yuyin;
				SDKROOT = iphoneos;
				TARGETED_DEVICE_FAMILY = "1,2";
			};
			name = Release;
		};
		F9E8E8091962B11101795A09 /* PersonalRelease */ = {
			isa = XCBuildConfiguration;
			buildSettings = {
				ASSETCATALOG_COMPILER_APPICON_NAME = AppIcon;
				CODE_SIGN_ENTITLEMENTS = Config/PersonalDevice.entitlements;
				CODE_SIGN_IDENTITY = "iPhone Developer";
				INFOPLIST_FILE = "Config/App-Info.plist";
				LD_RUNPATH_SEARCH_PATHS = (
					"$(inherited)",
					"@executable_path/Frameworks",
				);
				PRODUCT_BUNDLE_IDENTIFIER = space.thunguo.yuyin;
				SDKROOT = iphoneos;
				SWIFT_ACTIVE_COMPILATION_CONDITIONS = "$(inherited) PERSONAL_DEVICE";
				TARGETED_DEVICE_FAMILY = "1,2";
			};
			name = PersonalRelease;
		};
/* End XCBuildConfiguration section */

/* Begin XCConfigurationList section */
		285C70CD38F60525B5A97FA5 /* Build configuration list for PBXNativeTarget "Yuyin" */ = {
			isa = XCConfigurationList;
			buildConfigurations = (
				5084CEBE77C348E8E15B7DFF /* CarPlay */,
				BFD999E5749AFDC15E0DBD1F /* Debug */,
				E37760B053EA100C0081C633 /* PersonalDevice */,
				F9E8E8091962B11101795A09 /* PersonalRelease */,
				EBF38E6B55DB72D57D86D9AA /* Release */,
			);
			defaultConfigurationIsVisible = 0;
			defaultConfigurationName = CarPlay;
		};
		31F07C166DAAF82A4E79A68A /* Build configuration list for PBXProject "Yuyin" */ = {
			isa = XCConfigurationList;
			buildConfigurations = (
				C6C849E71659CDBFBE522D49 /* CarPlay */,
				B26BAE7B8CFC84E6156B8DAB /* Debug */,
				9C26B7A0FF7E71546D8FEA85 /* PersonalDevice */,
				6AB3B8E3BFF6711E43BDEF77 /* PersonalRelease */,
				E2328675B8A0C8B1E9247BD2 /* Release */,
			);
			defaultConfigurationIsVisible = 0;
			defaultConfigurationName = CarPlay;
		};
		8D6F70544AAA2E4B51273A59 /* Build configuration list for PBXNativeTarget "YuyinTests" */ = {
			isa = XCConfigurationList;
			buildConfigurations = (
				459EDA6DBD7F30FC3B484E31 /* CarPlay */,
				8BB7764072C646286BAFAE8A /* Debug */,
				3305AEFDB4C97E6F928D57E4 /* PersonalDevice */,
				B6A6E93675BA83D885EA8A51 /* PersonalRelease */,
				33C77C8B3E6E55E7AE6C4FF1 /* Release */,
			);
			defaultConfigurationIsVisible = 0;
			defaultConfigurationName = CarPlay;
		};
		C738BF54B6C7E4D8B0A3E539 /* Build configuration list for PBXNativeTarget "YuyinWidget" */ = {
			isa = XCConfigurationList;
			buildConfigurations = (
				5256EA9FD20B0991C4CB1FE1 /* CarPlay */,
				E4FB68A4D87557AC033FDD11 /* Debug */,
				C4D34C6D103FE17F4E06C350 /* PersonalDevice */,
				45753C91776B86F755C6BDFF /* PersonalRelease */,
				C590B612D1A3F6B8194796CA /* Release */,
			);
			defaultConfigurationIsVisible = 0;
			defaultConfigurationName = CarPlay;
		};
		D0CC0E7317BC02DB6A595AE4 /* Build configuration list for PBXNativeTarget "YuyinUITests" */ = {
			isa = XCConfigurationList;
			buildConfigurations = (
				3336352A6AF56F1129341DF9 /* CarPlay */,
				DD718FFC74BAB6FEC8EC8DD5 /* Debug */,
				A6B61DEFB288DC5B86C84917 /* PersonalDevice */,
				0047F97302D08527F5BD5305 /* PersonalRelease */,
				B7BA8857DDD6581B2AA54EE2 /* Release */,
			);
			defaultConfigurationIsVisible = 0;
			defaultConfigurationName = CarPlay;
		};
/* End XCConfigurationList section */

/* Begin XCLocalSwiftPackageReference section */
		1D68BAEC0106EA523761F445 /* XCLocalSwiftPackageReference "Packages/MusicCore" */ = {
			isa = XCLocalSwiftPackageReference;
			relativePath = Packages/MusicCore;
		};
/* End XCLocalSwiftPackageReference section */

/* Begin XCSwiftPackageProductDependency section */
		ED01A6E68DABB0BCE1728A9A /* MusicCore */ = {
			isa = XCSwiftPackageProductDependency;
			productName = MusicCore;
		};
/* End XCSwiftPackageProductDependency section */
	};
	rootObject = 11BD82A81A7CC59A056ECA3B /* Project object */;
}
